
Microsoft Visual Studio Solution File, Format Version 12.00
Project("{FAE04EC0-301F-11D3-BF4B-00C04F79EFBC}") = "Puzzle01", "Puzzle01\Puzzle01.csproj", "{ED68D0F3-355B-4E69-82C3-AE31A5F7B3F3}"
EndProject
Project("{FAE04EC0-301F-11D3-BF4B-00C04F79EFBC}") = "Puzzle02", "Puzzle02\Puzzle02.csproj", "{D8AEB45E-6B6B-4266-B61D-3D2EE39423E7}"
EndProject
Project("{FAE04EC0-301F-11D3-BF4B-00C04F79EFBC}") = "Shared", "Shared\Shared.csproj", "{06A2D7C3-174D-44D1-8366-6F5C7C69B3DE}"
EndProject
Project("{FAE04EC0-301F-11D3-BF4B-00C04F79EFBC}") = "Puzzle03", "Puzzle03\Puzzle03.csproj", "{2C59FF00-675A-439D-BCB6-6F4A773FE0AB}"
EndProject
Project("{FAE04EC0-301F-11D3-BF4B-00C04F79EFBC}") = "Puzzle04", "Puzzle04\Puzzle04.csproj", "{9002D017-9655-480A-BC20-57F396B346DA}"
EndProject
Project("{FAE04EC0-301F-11D3-BF4B-00C04F79EFBC}") = "Puzzle05", "Puzzle05\Puzzle05.csproj", "{9FCFACD2-7F00-4D20-A0AB-C12A55E2AFB6}"
EndProject
Project("{FAE04EC0-301F-11D3-BF4B-00C04F79EFBC}") = "Puzzle06", "Puzzle06\Puzzle06.csproj", "{F8C72D1F-3080-40B3-8761-FB09D2947786}"
EndProject
Project("{FAE04EC0-301F-11D3-BF4B-00C04F79EFBC}") = "Puzzle07", "Puzzle07\Puzzle07.csproj", "{12988823-8829-48DE-90AB-EE0357210627}"
EndProject
Project("{FAE04EC0-301F-11D3-BF4B-00C04F79EFBC}") = "Puzzle08", "Puzzle08\Puzzle08.csproj", "{503C809C-6573-4FA0-A650-DD114B42F905}"
EndProject
Project("{FAE04EC0-301F-11D3-BF4B-00C04F79EFBC}") = "Puzzle09", "Puzzle09\Puzzle09.csproj", "{93B3A7BC-138C-4E87-B6F1-809BEBEB31B8}"
EndProject
Project("{FAE04EC0-301F-11D3-BF4B-00C04F79EFBC}") = "Puzzle10", "Puzzle10\Puzzle10.csproj", "{3D85A589-15A8-4FBC-825C-2C00C8A60AD7}"
EndProject
Project("{FAE04EC0-301F-11D3-BF4B-00C04F79EFBC}") = "Puzzle11", "Puzzle11\Puzzle11.csproj", "{809120CE-4355-4643-8289-CC1708E77605}"
EndProject
Project("{FAE04EC0-301F-11D3-BF4B-00C04F79EFBC}") = "Puzzle12", "Puzzle12\Puzzle12.csproj", "{DD1124C4-1FF0-4960-B270-98C09060CE3C}"
EndProject
Project("{FAE04EC0-301F-11D3-BF4B-00C04F79EFBC}") = "Puzzle13", "Puzzle13\Puzzle13.csproj", "{221EFFA7-2A2A-478B-867B-6AAD8DBB1F81}"
EndProject
Project("{FAE04EC0-301F-11D3-BF4B-00C04F79EFBC}") = "Puzzle14", "Puzzle14\Puzzle14.csproj", "{5801F610-788B-4D17-9806-08C6711859A9}"
EndProject
Project("{FAE04EC0-301F-11D3-BF4B-00C04F79EFBC}") = "Puzzle15", "Puzzle15\Puzzle15.csproj", "{296916A9-F150-4DE9-A24B-9CBA51E5068B}"
EndProject
Project("{FAE04EC0-301F-11D3-BF4B-00C04F79EFBC}") = "Puzzle16", "Puzzle16\Puzzle16.csproj", "{4247904B-22DC-4426-99BB-EC5DAAB28F1D}"
EndProject
Project("{FAE04EC0-301F-11D3-BF4B-00C04F79EFBC}") = "Puzzle17", "Puzzle17\Puzzle17.csproj", "{A2A28728-B348-4B8A-A3AC-41665323DAAE}"
EndProject
Project("{FAE04EC0-301F-11D3-BF4B-00C04F79EFBC}") = "Puzzle18", "Puzzle18\Puzzle18.csproj", "{0CCDB7B4-9CFC-4A5C-9256-7EBEF1622572}"
EndProject
Project("{FAE04EC0-301F-11D3-BF4B-00C04F79EFBC}") = "Puzzle19", "Puzzle19\Puzzle19.csproj", "{ECD25830-274C-4EF4-A2E7-13E793ED779C}"
EndProject
Project("{FAE04EC0-301F-11D3-BF4B-00C04F79EFBC}") = "Puzzle20", "Puzzle20\Puzzle20.csproj", "{151439A0-414E-4E31-A2DA-88D1430DE384}"
EndProject
Project("{FAE04EC0-301F-11D3-BF4B-00C04F79EFBC}") = "Puzzle21", "Puzzle21\Puzzle21.csproj", "{4DD6B40B-E858-45D2-B10F-30364CEC674A}"
EndProject
Project("{FAE04EC0-301F-11D3-BF4B-00C04F79EFBC}") = "Puzzle22", "Puzzle22\Puzzle22.csproj", "{7CAEA2D9-691D-45BE-A6A1-82D39AEFFBFB}"
EndProject
Project("{FAE04EC0-301F-11D3-BF4B-00C04F79EFBC}") = "Puzzle23", "Puzzle23\Puzzle23.csproj", "{8F1C6DAB-D130-4FEE-9477-33118D996376}"
EndProject
Global
	GlobalSection(SolutionConfigurationPlatforms) = preSolution
		Debug|Any CPU = Debug|Any CPU
		Release|Any CPU = Release|Any CPU
	EndGlobalSection
	GlobalSection(ProjectConfigurationPlatforms) = postSolution
		{ED68D0F3-355B-4E69-82C3-AE31A5F7B3F3}.Debug|Any CPU.ActiveCfg = Debug|Any CPU
		{ED68D0F3-355B-4E69-82C3-AE31A5F7B3F3}.Debug|Any CPU.Build.0 = Debug|Any CPU
		{ED68D0F3-355B-4E69-82C3-AE31A5F7B3F3}.Release|Any CPU.ActiveCfg = Release|Any CPU
		{ED68D0F3-355B-4E69-82C3-AE31A5F7B3F3}.Release|Any CPU.Build.0 = Release|Any CPU
		{D8AEB45E-6B6B-4266-B61D-3D2EE39423E7}.Debug|Any CPU.ActiveCfg = Debug|Any CPU
		{D8AEB45E-6B6B-4266-B61D-3D2EE39423E7}.Debug|Any CPU.Build.0 = Debug|Any CPU
		{D8AEB45E-6B6B-4266-B61D-3D2EE39423E7}.Release|Any CPU.ActiveCfg = Release|Any CPU
		{D8AEB45E-6B6B-4266-B61D-3D2EE39423E7}.Release|Any CPU.Build.0 = Release|Any CPU
		{06A2D7C3-174D-44D1-8366-6F5C7C69B3DE}.Debug|Any CPU.ActiveCfg = Debug|Any CPU
		{06A2D7C3-174D-44D1-8366-6F5C7C69B3DE}.Debug|Any CPU.Build.0 = Debug|Any CPU
		{06A2D7C3-174D-44D1-8366-6F5C7C69B3DE}.Release|Any CPU.ActiveCfg = Release|Any CPU
		{06A2D7C3-174D-44D1-8366-6F5C7C69B3DE}.Release|Any CPU.Build.0 = Release|Any CPU
		{2C59FF00-675A-439D-BCB6-6F4A773FE0AB}.Debug|Any CPU.ActiveCfg = Debug|Any CPU
		{2C59FF00-675A-439D-BCB6-6F4A773FE0AB}.Debug|Any CPU.Build.0 = Debug|Any CPU
		{2C59FF00-675A-439D-BCB6-6F4A773FE0AB}.Release|Any CPU.ActiveCfg = Release|Any CPU
		{2C59FF00-675A-439D-BCB6-6F4A773FE0AB}.Release|Any CPU.Build.0 = Release|Any CPU
		{9002D017-9655-480A-BC20-57F396B346DA}.Debug|Any CPU.ActiveCfg = Debug|Any CPU
		{9002D017-9655-480A-BC20-57F396B346DA}.Debug|Any CPU.Build.0 = Debug|Any CPU
		{9002D017-9655-480A-BC20-57F396B346DA}.Release|Any CPU.ActiveCfg = Release|Any CPU
		{9002D017-9655-480A-BC20-57F396B346DA}.Release|Any CPU.Build.0 = Release|Any CPU
		{9FCFACD2-7F00-4D20-A0AB-C12A55E2AFB6}.Debug|Any CPU.ActiveCfg = Debug|Any CPU
		{9FCFACD2-7F00-4D20-A0AB-C12A55E2AFB6}.Debug|Any CPU.Build.0 = Debug|Any CPU
		{9FCFACD2-7F00-4D20-A0AB-C12A55E2AFB6}.Release|Any CPU.ActiveCfg = Release|Any CPU
		{9FCFACD2-7F00-4D20-A0AB-C12A55E2AFB6}.Release|Any CPU.Build.0 = Release|Any CPU
		{F8C72D1F-3080-40B3-8761-FB09D2947786}.Debug|Any CPU.ActiveCfg = Debug|Any CPU
		{F8C72D1F-3080-40B3-8761-FB09D2947786}.Debug|Any CPU.Build.0 = Debug|Any CPU
		{F8C72D1F-3080-40B3-8761-FB09D2947786}.Release|Any CPU.ActiveCfg = Release|Any CPU
		{F8C72D1F-3080-40B3-8761-FB09D2947786}.Release|Any CPU.Build.0 = Release|Any CPU
		{12988823-8829-48DE-90AB-EE0357210627}.Debug|Any CPU.ActiveCfg = Debug|Any CPU
		{12988823-8829-48DE-90AB-EE0357210627}.Debug|Any CPU.Build.0 = Debug|Any CPU
		{12988823-8829-48DE-90AB-EE0357210627}.Release|Any CPU.ActiveCfg = Release|Any CPU
		{12988823-8829-48DE-90AB-EE0357210627}.Release|Any CPU.Build.0 = Release|Any CPU
		{503C809C-6573-4FA0-A650-DD114B42F905}.Debug|Any CPU.ActiveCfg = Debug|Any CPU
		{503C809C-6573-4FA0-A650-DD114B42F905}.Debug|Any CPU.Build.0 = Debug|Any CPU
		{503C809C-6573-4FA0-A650-DD114B42F905}.Release|Any CPU.ActiveCfg = Release|Any CPU
		{503C809C-6573-4FA0-A650-DD114B42F905}.Release|Any CPU.Build.0 = Release|Any CPU
		{93B3A7BC-138C-4E87-B6F1-809BEBEB31B8}.Debug|Any CPU.ActiveCfg = Debug|Any CPU
		{93B3A7BC-138C-4E87-B6F1-809BEBEB31B8}.Debug|Any CPU.Build.0 = Debug|Any CPU
		{93B3A7BC-138C-4E87-B6F1-809BEBEB31B8}.Release|Any CPU.ActiveCfg = Release|Any CPU
		{93B3A7BC-138C-4E87-B6F1-809BEBEB31B8}.Release|Any CPU.Build.0 = Release|Any CPU
		{3D85A589-15A8-4FBC-825C-2C00C8A60AD7}.Debug|Any CPU.ActiveCfg = Debug|Any CPU
		{3D85A589-15A8-4FBC-825C-2C00C8A60AD7}.Debug|Any CPU.Build.0 = Debug|Any CPU
		{3D85A589-15A8-4FBC-825C-2C00C8A60AD7}.Release|Any CPU.ActiveCfg = Release|Any CPU
		{3D85A589-15A8-4FBC-825C-2C00C8A60AD7}.Release|Any CPU.Build.0 = Release|Any CPU
		{809120CE-4355-4643-8289-CC1708E77605}.Debug|Any CPU.ActiveCfg = Debug|Any CPU
		{809120CE-4355-4643-8289-CC1708E77605}.Debug|Any CPU.Build.0 = Debug|Any CPU
		{809120CE-4355-4643-8289-CC1708E77605}.Release|Any CPU.ActiveCfg = Release|Any CPU
		{809120CE-4355-4643-8289-CC1708E77605}.Release|Any CPU.Build.0 = Release|Any CPU
		{DD1124C4-1FF0-4960-B270-98C09060CE3C}.Debug|Any CPU.ActiveCfg = Debug|Any CPU
		{DD1124C4-1FF0-4960-B270-98C09060CE3C}.Debug|Any CPU.Build.0 = Debug|Any CPU
		{DD1124C4-1FF0-4960-B270-98C09060CE3C}.Release|Any CPU.ActiveCfg = Release|Any CPU
		{DD1124C4-1FF0-4960-B270-98C09060CE3C}.Release|Any CPU.Build.0 = Release|Any CPU
		{221EFFA7-2A2A-478B-867B-6AAD8DBB1F81}.Debug|Any CPU.ActiveCfg = Debug|Any CPU
		{221EFFA7-2A2A-478B-867B-6AAD8DBB1F81}.Debug|Any CPU.Build.0 = Debug|Any CPU
		{221EFFA7-2A2A-478B-867B-6AAD8DBB1F81}.Release|Any CPU.ActiveCfg = Release|Any CPU
		{221EFFA7-2A2A-478B-867B-6AAD8DBB1F81}.Release|Any CPU.Build.0 = Release|Any CPU
		{5801F610-788B-4D17-9806-08C6711859A9}.Debug|Any CPU.ActiveCfg = Debug|Any CPU
		{5801F610-788B-4D17-9806-08C6711859A9}.Debug|Any CPU.Build.0 = Debug|Any CPU
		{5801F610-788B-4D17-9806-08C6711859A9}.Release|Any CPU.ActiveCfg = Release|Any CPU
		{5801F610-788B-4D17-9806-08C6711859A9}.Release|Any CPU.Build.0 = Release|Any CPU
		{296916A9-F150-4DE9-A24B-9CBA51E5068B}.Debug|Any CPU.ActiveCfg = Debug|Any CPU
		{296916A9-F150-4DE9-A24B-9CBA51E5068B}.Debug|Any CPU.Build.0 = Debug|Any CPU
		{296916A9-F150-4DE9-A24B-9CBA51E5068B}.Release|Any CPU.ActiveCfg = Release|Any CPU
		{296916A9-F150-4DE9-A24B-9CBA51E5068B}.Release|Any CPU.Build.0 = Release|Any CPU
		{4247904B-22DC-4426-99BB-EC5DAAB28F1D}.Debug|Any CPU.ActiveCfg = Debug|Any CPU
		{4247904B-22DC-4426-99BB-EC5DAAB28F1D}.Debug|Any CPU.Build.0 = Debug|Any CPU
		{4247904B-22DC-4426-99BB-EC5DAAB28F1D}.Release|Any CPU.ActiveCfg = Release|Any CPU
		{4247904B-22DC-4426-99BB-EC5DAAB28F1D}.Release|Any CPU.Build.0 = Release|Any CPU
		{A2A28728-B348-4B8A-A3AC-41665323DAAE}.Debug|Any CPU.ActiveCfg = Debug|Any CPU
		{A2A28728-B348-4B8A-A3AC-41665323DAAE}.Debug|Any CPU.Build.0 = Debug|Any CPU
		{A2A28728-B348-4B8A-A3AC-41665323DAAE}.Release|Any CPU.ActiveCfg = Release|Any CPU
		{A2A28728-B348-4B8A-A3AC-41665323DAAE}.Release|Any CPU.Build.0 = Release|Any CPU
		{0CCDB7B4-9CFC-4A5C-9256-7EBEF1622572}.Debug|Any CPU.ActiveCfg = Debug|Any CPU
		{0CCDB7B4-9CFC-4A5C-9256-7EBEF1622572}.Debug|Any CPU.Build.0 = Debug|Any CPU
		{0CCDB7B4-9CFC-4A5C-9256-7EBEF1622572}.Release|Any CPU.ActiveCfg = Release|Any CPU
		{0CCDB7B4-9CFC-4A5C-9256-7EBEF1622572}.Release|Any CPU.Build.0 = Release|Any CPU
		{ECD25830-274C-4EF4-A2E7-13E793ED779C}.Debug|Any CPU.ActiveCfg = Debug|Any CPU
		{ECD25830-274C-4EF4-A2E7-13E793ED779C}.Debug|Any CPU.Build.0 = Debug|Any CPU
		{ECD25830-274C-4EF4-A2E7-13E793ED779C}.Release|Any CPU.ActiveCfg = Release|Any CPU
		{ECD25830-274C-4EF4-A2E7-13E793ED779C}.Release|Any CPU.Build.0 = Release|Any CPU
		{151439A0-414E-4E31-A2DA-88D1430DE384}.Debug|Any CPU.ActiveCfg = Debug|Any CPU
		{151439A0-414E-4E31-A2DA-88D1430DE384}.Debug|Any CPU.Build.0 = Debug|Any CPU
		{151439A0-414E-4E31-A2DA-88D1430DE384}.Release|Any CPU.ActiveCfg = Release|Any CPU
		{151439A0-414E-4E31-A2DA-88D1430DE384}.Release|Any CPU.Build.0 = Release|Any CPU
		{4DD6B40B-E858-45D2-B10F-30364CEC674A}.Debug|Any CPU.ActiveCfg = Debug|Any CPU
		{4DD6B40B-E858-45D2-B10F-30364CEC674A}.Debug|Any CPU.Build.0 = Debug|Any CPU
		{4DD6B40B-E858-45D2-B10F-30364CEC674A}.Release|Any CPU.ActiveCfg = Release|Any CPU
		{4DD6B40B-E858-45D2-B10F-30364CEC674A}.Release|Any CPU.Build.0 = Release|Any CPU
		{7CAEA2D9-691D-45BE-A6A1-82D39AEFFBFB}.Debug|Any CPU.ActiveCfg = Debug|Any CPU
		{7CAEA2D9-691D-45BE-A6A1-82D39AEFFBFB}.Debug|Any CPU.Build.0 = Debug|Any CPU
		{7CAEA2D9-691D-45BE-A6A1-82D39AEFFBFB}.Release|Any CPU.ActiveCfg = Release|Any CPU
		{7CAEA2D9-691D-45BE-A6A1-82D39AEFFBFB}.Release|Any CPU.Build.0 = Release|Any CPU
		{8F1C6DAB-D130-4FEE-9477-33118D996376}.Debug|Any CPU.ActiveCfg = Debug|Any CPU
		{8F1C6DAB-D130-4FEE-9477-33118D996376}.Debug|Any CPU.Build.0 = Debug|Any CPU
		{8F1C6DAB-D130-4FEE-9477-33118D996376}.Release|Any CPU.ActiveCfg = Release|Any CPU
		{8F1C6DAB-D130-4FEE-9477-33118D996376}.Release|Any CPU.Build.0 = Release|Any CPU
	EndGlobalSection
EndGlobal
